[[package]]
category = "main"
description = "Composable style cycles"
name = "cycler"
optional = false
python-versions = "*"
version = "0.10.0"

[package.dependencies]
six = "*"

[[package]]
category = "main"
description = "Lightweight pipelining: using Python functions as pipeline jobs."
name = "joblib"
optional = false
python-versions = ">=3.6"
version = "0.16.0"

[[package]]
category = "main"
description = "Python plotting package"
name = "matplotlib"
optional = false
python-versions = "*"
version = "2.1.0"

[package.dependencies]
cycler = ">=0.10"
numpy = ">=1.7.1"
pyparsing = ">=2.0.1,<2.0.4 || >2.0.4,<2.1.2 || >2.1.2,<2.1.6 || >2.1.6"
python-dateutil = ">=2.0"
pytz = "*"
six = ">=1.10"

[[package]]
category = "main"
description = "NumPy is the fundamental package for array computing with Python."
name = "numpy"
optional = false
python-versions = ">=3.5"
version = "1.17.5"

[[package]]
category = "main"
description = "Powerful data structures for data analysis, time series,and statistics"
name = "pandas"
optional = false
python-versions = "*"
version = "0.21.0"

[package.dependencies]
numpy = ">=1.9.0"
python-dateutil = "*"
pytz = ">=2011k"

[[package]]
category = "main"
description = "Python parsing module"
name = "pyparsing"
optional = false
python-versions = ">=2.6, !=3.0.*, !=3.1.*, !=3.2.*"
version = "2.4.7"

[[package]]
category = "main"
description = "Extensions to the standard Python datetime module"
name = "python-dateutil"
optional = false
python-versions = "!=3.0.*,!=3.1.*,!=3.2.*,>=2.7"
version = "2.8.1"

[package.dependencies]
six = ">=1.5"

[[package]]
category = "main"
description = "World timezone definitions, modern and historical"
name = "pytz"
optional = false
python-versions = "*"
version = "2020.1"

[[package]]
category = "main"
description = "A set of python modules for machine learning and data mining"
name = "scikit-learn"
optional = false
python-versions = ">=3.5"
version = "0.22"

[package.dependencies]
joblib = ">=0.11"
numpy = ">=1.11.0"
scipy = ">=0.17.0"

[package.extras]
alldeps = ["numpy (>=1.11.0)", "scipy (>=0.17.0)"]

[[package]]
category = "main"
description = "SciPy: Scientific Library for Python"
name = "scipy"
optional = false
python-versions = ">=3.5"
version = "1.3.1"

[package.dependencies]
numpy = ">=1.13.3"

[[package]]
category = "main"
description = "Python 2 and 3 compatibility utilities"
name = "six"
optional = false
python-versions = ">=2.7, !=3.0.*, !=3.1.*, !=3.2.*"
version = "1.15.0"

[metadata]
content-hash = "1192e27fe45f57af765289213d9cb947731da115fccce8a644d6174bf9131c03"
lock-version = "1.0"
python-versions = "^3.6"

[metadata.files]
cycler = [
    {file = "cycler-0.10.0-py2.py3-none-any.whl", hash = "sha256:1d8a5ae1ff6c5cf9b93e8811e581232ad8920aeec647c37316ceac982b08cb2d"},
    {file = "cycler-0.10.0.tar.gz", hash = "sha256:cd7b2d1018258d7247a71425e9f26463dfb444d411c39569972f4ce586b0c9d8"},
]
joblib = [
    {file = "joblib-0.16.0-py3-none-any.whl", hash = "sha256:d348c5d4ae31496b2aa060d6d9b787864dd204f9480baaa52d18850cb43e9f49"},
    {file = "joblib-0.16.0.tar.gz", hash = "sha256:8f52bf24c64b608bf0b2563e0e47d6fcf516abc8cfafe10cfd98ad66d94f92d6"},
]
matplotlib = [
    {file = "matplotlib-2.1.0-cp27-cp27m-macosx_10_6_intel.macosx_10_9_intel.macosx_10_9_x86_64.macosx_10_10_intel.macosx_10_10_x86_64.whl", hash = "sha256:b2e3b1eaf3a2753a1a63826bf4ab7487b383fbef5ef4941b25f4193baaa95d95"},
    {file = "matplotlib-2.1.0-cp27-cp27m-manylinux1_x86_64.whl", hash = "sha256:d0d7036045e6a08663e428e4ea4af69164cdd79c486d31be835bb2ca7f5f1962"},
    {file = "matplotlib-2.1.0-cp27-cp27m-win32.whl", hash = "sha256:c8579a840a1bd93e00a273aac0be3edd94b805fe4cd2156f01611622032188d1"},
    {file = "matplotlib-2.1.0-cp27-cp27m-win_amd64.whl", hash = "sha256:063a07660bee266c947e5ac0044053074c3ff3e5398614538d21c29b622ed0bd"},
    {file = "matplotlib-2.1.0-cp27-cp27mu-manylinux1_x86_64.whl", hash = "sha256:a5ba34f1b4d1e81be4df0fd033abd8062dbce2eca5b3a25339edb31e4390568a"},
    {file = "matplotlib-2.1.0-cp34-cp34m-macosx_10_6_intel.macosx_10_9_intel.macosx_10_9_x86_64.macosx_10_10_intel.macosx_10_10_x86_64.whl", hash = "sha256:ea24f02268149aebe4f239635da8183f4e43f9116eebf8fcd365e2d04bc821fe"},
    {file = "matplotlib-2.1.0-cp34-cp34m-manylinux1_x86_64.whl", hash = "sha256:5c50343bc8e70f2b811188790fa899430062ce37696a166374239c838015a995"},
    {file = "matplotlib-2.1.0-cp34-cp34m-win32.whl", hash = "sha256:4a2d2d97266e4e199266b7e409e5e8be4d3b26b4bad2702b70a8ae18f52d97b4"},
    {file = "matplotlib-2.1.0-cp34-cp34m-win_amd64.whl", hash = "sha256:50aef54b4f947001667c775b1973928cdb3e33024cb93f81b5b024b34b1488a7"},
    {file = "matplotlib-2.1.0-cp35-cp35m-macosx_10_6_intel.macosx_10_9_intel.macosx_10_9_x86_64.macosx_10_10_intel.macosx_10_10_x86_64.whl", hash = "sha256:14b0ab89e58621105c7b2cfd5ddc6cf13a87ac7cbcc73c287e4003d1f5e40fae"},
    {file = "matplotlib-2.1.0-cp35-cp35m-manylinux1_x86_64.whl", hash = "sha256:c665d3daf24f95acbd1541681ab1185e283afc046fe4175bfceab2cf26a8620b"},
    {file = "matplotlib-2.1.0-cp35-cp35m-win32.whl", hash = "sha256:f490f684a241cd88003afebc356f5c69bdced22e549fbd50b914f7fe07ce4fa3"},
    {file = "matplotlib-2.1.0-cp35-cp35m-win_amd64.whl", hash = "sha256:09214eb11171a8426c9c89a236f05f26a76b204e5346dd4382ddcfb74820d467"},
    {file = "matplotlib-2.1.0-cp36-cp36m-macosx_10_6_intel.macosx_10_9_intel.macosx_10_9_x86_64.macosx_10_10_intel.macosx_10_10_x86_64.whl", hash = "sha256:226f9c3799c16fdfc9be4b64bee2f1956626eddb58b24359247b0fb72afd76a0"},
    {file = "matplotlib-2.1.0-cp36-cp36m-manylinux1_x86_64.whl", hash = "sha256:fa6155cf41857135bff125419256ccab6ce81e0cd63fac60a7c673efa8a989dd"},
    {file = "matplotlib-2.1.0-cp36-cp36m-win32.whl", hash = "sha256:353b56cd2fed8977767356cb686e3bf74789a4abd81e4bdfc4d57b40679fe057"},
    {file = "matplotlib-2.1.0-cp36-cp36m-win_amd64.whl", hash = "sha256:11c7ed4716833c5b70f72f6c795a948d413e2af659442aa145d1e91868393084"},
    {file = "matplotlib-2.1.0.tar.gz", hash = "sha256:4b5f16c9cefde553ea79975305dcaa67c8e13d927b6e55aa14b4a8d867e25387"},
]
numpy = [
    {file = "numpy-1.17.5-cp35-cp35m-macosx_10_9_intel.whl", hash = "sha256:d977a91f7b02b14843562d2e8740acfdfb46996e64985b69b2d404bfa43bc07d"},
    {file = "numpy-1.17.5-cp35-cp35m-manylinux1_i686.whl", hash = "sha256:6c6cab8089ad39554d7fed04d338e7bd7ea6ac48235a542ea0b37214c8d0a9bc"},
    {file = "numpy-1.17.5-cp35-cp35m-manylinux1_x86_64.whl", hash = "sha256:4760bcc6adaf0d853379d01ce60f320e5ab6d0d719662aef3c460dad3cf79989"},
    {file = "numpy-1.17.5-cp35-cp35m-win32.whl", hash = "sha256:c3fb7eb84cd455ea2294980e557cc40b0042f7fc7ebab28c74ccae85c8b0c2c4"},
    {file = "numpy-1.17.5-cp35-cp35m-win_amd64.whl", hash = "sha256:6167d214a842610d4168311d803f2a6f2c1a9a866b6b370f7408ba508d265add"},
    {file = "numpy-1.17.5-cp36-cp36m-macosx_10_9_x86_64.whl", hash = "sha256:ca43581440ce2585f83c8d524c3435569b212bf281b7c67395e78260fcffb341"},
    {file = "numpy-1.17.5-cp36-cp36m-manylinux1_i686.whl", hash = "sha256:5347fc1258ebe501d352363da06229fc97785d67423b56a9fd032a8389355781"},
    {file = "numpy-1.17.5-cp36-cp36m-manylinux1_x86_64.whl", hash = "sha256:1739f079e2fcc985cc187aa3ce489d127a02ff12bcc5178269bb7ce5dc860e8f"},
    {file = "numpy-1.17.5-cp36-cp36m-win32.whl", hash = "sha256:af51bc1d78ddc1588115b73a1d3824440f5cf55c498681e8ac4ab2f28f0efa99"},
    {file = "numpy-1.17.5-cp36-cp36m-win_amd64.whl", hash = "sha256:259b5aa0a1d2e63bbe9d985bc8249b515541b9993e1b1540563428f5db7bc389"},
    {file = "numpy-1.17.5-cp37-cp37m-macosx_10_9_x86_64.whl", hash = "sha256:8ba8ef37b16288dd2390cd9dea3c8470436f6cfe4c665f4640c349e98bae2908"},
    {file = "numpy-1.17.5-cp37-cp37m-manylinux1_i686.whl", hash = "sha256:348efb76a26f9f3235e492813503639731a885aa5780579ee28d688607d188b2"},
    {file = "numpy-1.17.5-cp37-cp37m-manylinux1_x86_64.whl", hash = "sha256:31db2f9604afbf897b23478942074bbbb2513467d2b4b4ac573a7b65c63c073c"},
    {file = "numpy-1.17.5-cp37-cp37m-win32.whl", hash = "sha256:68bdc37f3ccdc3e945914b3201acd8823ac9dec870ede5371cd5cfedcf5a901a"},
    {file = "numpy-1.17.5-cp37-cp37m-win_amd64.whl", hash = "sha256:15db548aade41e32bfb6f6d3d9e91797261197622afe4102f79220d17da2a29f"},
    {file = "numpy-1.17.5-cp38-cp38-macosx_10_9_x86_64.whl", hash = "sha256:fc56ec046a2cc3aba91fe29e482c145c17925db1b00eafa924d9e16020a3eb88"},
    {file = "numpy-1.17.5-cp38-cp38-manylinux1_i686.whl", hash = "sha256:73d20aebe518997dce89da356d4b8e4cf60143151c22a0ec76cb00840bb09320"},
    {file = "numpy-1.17.5-cp38-cp38-manylinux1_x86_64.whl", hash = "sha256:aa3dd92c1427e032fe345f054503f45c9fc7883aa7156a60900641259dd78a78"},
    {file = "numpy-1.17.5-cp38-cp38-win32.whl", hash = "sha256:6338f8fa99ea0b00944a256941eea406089a9c0242f594b69289edd91e2d6192"},
    {file = "numpy-1.17.5-cp38-cp38-win_amd64.whl", hash = "sha256:14804866e57322bf601c966e428c271b7e301b631bdfbe0522800483b802bc58"},
    {file = "numpy-1.17.5.zip", hash = "sha256:16507ba6617f62ae3c6ab1725ae6f550331025d4d9a369b83f6d5a470446c342"},
]
pandas = [
    {file = "pandas-0.21.0-cp27-cp27m-macosx_10_6_intel.macosx_10_9_intel.macosx_10_9_x86_64.macosx_10_10_intel.macosx_10_10_x86_64.whl", hash = "sha256:873a404581a2e7849d7ed8190cdcee70a3f60d1bd02403b66249bfd450b93e37"},
    {file = "pandas-0.21.0-cp27-cp27m-win32.whl", hash = "sha256:92a4fc33cfb723f9544853e0e7e907efc8b0d4666f3bb5e8defbe9f354bcda94"},
    {file = "pandas-0.21.0-cp27-cp27m-win_amd64.whl", hash = "sha256:9218563fe44c7f58465707781b3ee64d8680c5e82625b128f0dbcf32f0e123fd"},
    {file = "pandas-0.21.0-cp27-cp27mu-manylinux1_i686.whl", hash = "sha256:efbc55164e87d55feaa0c47e711b747d0e51129b4970bf2ac65b4d3d95d2c677"},
    {file = "pandas-0.21.0-cp27-cp27mu-manylinux1_x86_64.whl", hash = "sha256:3df408ae6fa7393355306f495c38971ba4c48500b497079013c50a0131248b17"},
    {file = "pandas-0.21.0-cp34-cp34m-win32.whl", hash = "sha256:81c4f49575c6d5c394128180442ddbd370f495780763d4035e5ae6c14e3aa0ee"},
    {file = "pandas-0.21.0-cp34-cp34m-win_amd64.whl", hash = "sha256:b3ed1d71bdf08ab7702c2a9463f001845480f4c8a7d64af77a4cbfdadab6e625"},
    {file = "pandas-0.21.0-cp35-cp35m-macosx_10_6_intel.macosx_10_9_intel.macosx_10_9_x86_64.macosx_10_10_intel.macosx_10_10_x86_64.whl", hash = "sha256:1cc76558fa3b6eaa5bd1e6290862092eb49727151ae7a05a4c7691c4fecff65a"},
    {file = "pandas-0.21.0-cp35-cp35m-manylinux1_x86_64.whl", hash = "sha256:318481d4129c753c2e3f89b4c5097de869778bd58bc2c197d5a37728b8731596"},
    {file = "pandas-0.21.0-cp35-cp35m-win32.whl", hash = "sha256:39c14e05aa31ae9c7ad108440967bb3e3ea4f2502de04b7f028f9b6bbe843c56"},
    {file = "pandas-0.21.0-cp35-cp35m-win_amd64.whl", hash = "sha256:25eeaa3ef515e8b57b91d9b06d2118f13f72ba05d39b9cb27d508ae29086fc20"},
    {file = "pandas-0.21.0-cp36-cp36m-macosx_10_6_intel.macosx_10_9_intel.macosx_10_9_x86_64.macosx_10_10_intel.macosx_10_10_x86_64.whl", hash = "sha256:1e4d28c22eab2249248c30cbd40e1da1dfde76b0b8238c3a00b2c2febe26502e"},
    {file = "pandas-0.21.0-cp36-cp36m-manylinux1_i686.whl", hash = "sha256:42d1d7a8e0e1c00efe5c561b3815f0d9f721b0eb4383c8a1dcaf51a449490d3f"},
    {file = "pandas-0.21.0-cp36-cp36m-manylinux1_x86_64.whl", hash = "sha256:aaf5ad3fdae2787bac3f0a12e313e9ab5a38e4e35dd8c2110ccc3f6369e868bb"},
    {file = "pandas-0.21.0-cp36-cp36m-win32.whl", hash = "sha256:0ce4e91be750bc9c87c5ffb19fa07c49fc53cccc2103b029d5783e2be2e33ee8"},
    {file = "pandas-0.21.0-cp36-cp36m-win_amd64.whl", hash = "sha256:9eb5659f0b1dda3c8922a2c5f5560864db8859c37cd1846a875f9d57eff9bbbf"},
    {file = "pandas-0.21.0.tar.gz", hash = "sha256:5cd5cb30e72eeaf202f0e5e180780b897570e889d2db328c689a5a263405c559"},
]
pyparsing = [
    {file = "pyparsing-2.4.7-py2.py3-none-any.whl", hash = "sha256:ef9d7589ef3c200abe66653d3f1ab1033c3c419ae9b9bdb1240a85b024efc88b"},
    {file = "pyparsing-2.4.7.tar.gz", hash = "sha256:c203ec8783bf771a155b207279b9bccb8dea02d8f0c9e5f8ead507bc3246ecc1"},
]
python-dateutil = [
    {file = "python-dateutil-2.8.1.tar.gz", hash = "sha256:73ebfe9dbf22e832286dafa60473e4cd239f8592f699aa5adaf10050e6e1823c"},
    {file = "python_dateutil-2.8.1-py2.py3-none-any.whl", hash = "sha256:75bb3f31ea686f1197762692a9ee6a7550b59fc6ca3a1f4b5d7e32fb98e2da2a"},
]
pytz = [
    {file = "pytz-2020.1-py2.py3-none-any.whl", hash = "sha256:a494d53b6d39c3c6e44c3bec237336e14305e4f29bbf800b599253057fbb79ed"},
    {file = "pytz-2020.1.tar.gz", hash = "sha256:c35965d010ce31b23eeb663ed3cc8c906275d6be1a34393a1d73a41febf4a048"},
]
scikit-learn = [
    {file = "scikit-learn-0.22.tar.gz", hash = "sha256:314abf60c073c48a1e95feaae9f3ca47a2139bd77cebb5b877c23a45c9e03012"},
    {file = "scikit_learn-0.22-cp35-cp35m-macosx_10_6_intel.whl", hash = "sha256:c252cfb331e15188d731253cffaa04a87fb0ea7aad5bff9f85229b5b883c8290"},
    {file = "scikit_learn-0.22-cp35-cp35m-manylinux1_i686.whl", hash = "sha256:1632967d8fbae09e6090ef6bd632681c5fc64b95378a858c59fd37b57357425e"},
    {file = "scikit_learn-0.22-cp35-cp35m-manylinux1_x86_64.whl", hash = "sha256:087fffad9e7604bbbaa078bdfdf6919a96495f0eb742c70dd900820224c20a0a"},
    {file = "scikit_learn-0.22-cp35-cp35m-win32.whl", hash = "sha256:ca60076ba9e38ed936a0e7fb5a0d18cffe375840d9dc4e562df7e0f5ee066d4d"},
    {file = "scikit_learn-0.22-cp35-cp35m-win_amd64.whl", hash = "sha256:09b81c1145437fd5d25a2e8419621185c22b05450a7c77ad0a568194bbd65963"},
    {file = "scikit_learn-0.22-cp36-cp36m-macosx_10_6_intel.whl", hash = "sha256:8c524b4567bb4d5ea172aa0d8212fe1b06898c4ad130ac443bbe0e5f4bd9d104"},
    {file = "scikit_learn-0.22-cp36-cp36m-manylinux1_i686.whl", hash = "sha256:8509da5e03155c872d2e646763f4d42cfbdbd460dad9b803dba7602c32b7a605"},
    {file = "scikit_learn-0.22-cp36-cp36m-manylinux1_x86_64.whl", hash = "sha256:3004fe60aca1f20b80d13698e5d9123e0d500062b548c733a9f230ab943ce334"},
    {file = "scikit_learn-0.22-cp36-cp36m-win32.whl", hash = "sha256:8049f6330bbd1f8dd8db587fbfb69f8150efb36a22ddb4d178a0479c027496c5"},
    {file = "scikit_learn-0.22-cp36-cp36m-win_amd64.whl", hash = "sha256:df3111e9a6d1b5009b45d10e98276e1e7fafefc538a6496e4e80042bba27cf68"},
    {file = "scikit_learn-0.22-cp37-cp37m-macosx_10_6_intel.whl", hash = "sha256:5e426ed57851e60d2edb63a60888cc85e47b129f69f9c26eb872d8b7581c4c63"},
    {file = "scikit_learn-0.22-cp37-cp37m-manylinux1_i686.whl", hash = "sha256:e321baa1210d20ac9751f4f8ec5e64affc44c93992a7e61611663884cd3e4b5a"},
    {file = "scikit_learn-0.22-cp37-cp37m-manylinux1_x86_64.whl", hash = "sha256:0098757148ee055796370ca5f4c5887940c46f87a4989f7ca9be6a2c42803ef1"},
    {file = "scikit_learn-0.22-cp37-cp37m-win32.whl", hash = "sha256:ab3f791d5663bcc8137ea2339cbbd81907d2c7f51da6ef0402a6a37ef74bd857"},
    {file = "scikit_learn-0.22-cp37-cp37m-win_amd64.whl", hash = "sha256:06b78e6f62b6a89b00acc873ee823c99ddf4ee1d461a02ce0d22276a17d2c13e"},
    {file = "scikit_learn-0.22-cp38-cp38-macosx_10_9_x86_64.whl", hash = "sha256:594e693aef1dca29ab5823781f8db15815f257295cff52868f0602553ee5c66b"},
    {file = "scikit_learn-0.22-cp38-cp38-manylinux1_i686.whl", hash = "sha256:07aaa1d639759ebfa33e747022d3fde880eb4343c6a7ddd916478be3a6b98d67"},
    {file = "scikit_learn-0.22-cp38-cp38-manylinux1_x86_64.whl", hash = "sha256:bc48a36424a6af3c353827a5d68abdad132f5ca843d721852fdf8b2e8d6277d3"},
    {file = "scikit_learn-0.22-cp38-cp38-win32.whl", hash = "sha256:ac81facbda6ac2296e5d7b7518dc15d93858fda34f7d7877a5e9bbc2c8b0b5aa"},
    {file = "scikit_learn-0.22-cp38-cp38-win_amd64.whl", hash = "sha256:63b7c4ddd5a6ed504ee7a6d2670dc8df478b70c4e31a2d165de82c4d6f4b6e1b"},
]
scipy = [
    {file = "scipy-1.3.1-cp35-cp35m-macosx_10_6_intel.macosx_10_9_intel.macosx_10_9_x86_64.macosx_10_10_intel.macosx_10_10_x86_64.whl", hash = "sha256:3ae3692616975d3c10aca6d574d6b4ff95568768d4525f76222fb60f142075b9"},
    {file = "scipy-1.3.1-cp35-cp35m-manylinux1_i686.whl", hash = "sha256:7ccfa44a08226825126c4ef0027aa46a38c928a10f0a8a8483c80dd9f9a0ad44"},
    {file = "scipy-1.3.1-cp35-cp35m-manylinux1_x86_64.whl", hash = "sha256:cbc0611699e420774e945f6a4e2830f7ca2b3ee3483fca1aa659100049487dd5"},
    {file = "scipy-1.3.1-cp35-cp35m-win32.whl", hash = "sha256:435d19f80b4dcf67dc090cc04fde2c5c8a70b3372e64f6a9c58c5b806abfa5a8"},
    {file = "scipy-1.3.1-cp35-cp35m-win_amd64.whl", hash = "sha256:243b04730d7223d2b844bda9500310eecc9eda0cba9ceaf0cde1839f8287dfa8"},
    {file = "scipy-1.3.1-cp36-cp36m-macosx_10_6_intel.macosx_10_9_intel.macosx_10_9_x86_64.macosx_10_10_intel.macosx_10_10_x86_64.whl", hash = "sha256:46a5e55850cfe02332998b3aef481d33f1efee1960fe6cfee0202c7dd6fc21ab"},
    {file = "scipy-1.3.1-cp36-cp36m-manylinux1_i686.whl", hash = "sha256:dd3b52e00f93fd1c86f2d78243dfb0d02743c94dd1d34ffea10055438e63b99d"},
    {file = "scipy-1.3.1-cp36-cp36m-manylinux1_x86_64.whl", hash = "sha256:75b513c462e58eeca82b22fc00f0d1875a37b12913eee9d979233349fce5c8b2"},
    {file = "scipy-1.3.1-cp36-cp36m-win32.whl", hash = "sha256:396eb4cdad421f846a1498299474f0a3752921229388f91f60dc3eda55a00488"},
    {file = "scipy-1.3.1-cp36-cp36m-win_amd64.whl", hash = "sha256:a81da2fe32f4eab8b60d56ad43e44d93d392da228a77e229e59b51508a00299c"},
    {file = "scipy-1.3.1-cp37-cp37m-macosx_10_6_intel.macosx_10_9_intel.macosx_10_9_x86_64.macosx_10_10_intel.macosx_10_10_x86_64.whl", hash = "sha256:0baa64bf42592032f6f6445a07144e355ca876b177f47ad8d0612901c9375bef"},
    {file = "scipy-1.3.1-cp37-cp37m-manylinux1_i686.whl", hash = "sha256:d02d813ec9958ed63b390ded463163685af6025cb2e9a226ec2c477df90c6957"},
    {file = "scipy-1.3.1-cp37-cp37m-manylinux1_x86_64.whl", hash = "sha256:89dd6a6d329e3f693d1204d5562dd63af0fd7a17854ced17f9cbc37d5b853c8d"},
    {file = "scipy-1.3.1-cp37-cp37m-win32.whl", hash = "sha256:ac37eb652248e2d7cbbfd89619dce5ecfd27d657e714ed049d82f19b162e8d45"},
    {file = "scipy-1.3.1-cp37-cp37m-win_amd64.whl", hash = "sha256:a9d606d11eb2eec7ef893eb825017fbb6eef1e1d0b98a5b7fc11446ebeb2b9b1"},
    {file = "scipy-1.3.1.tar.gz", hash = "sha256:2643cfb46d97b7797d1dbdb6f3c23fe3402904e3c90e6facfe6a9b98d808c1b5"},
]
six = [
    {file = "six-1.15.0-py2.py3-none-any.whl", hash = "sha256:8b74bedcbbbaca38ff6d7491d76f2b06b3592611af620f8426e82dddb04a5ced"},
    {file = "six-1.15.0.tar.gz", hash = "sha256:30639c035cdb23534cd4aa2dd52c3bf48f06e5f4a941509c8bafd8ce11080259"},
]
